{
  "name": "create-frappe-ui",
  "version": "1.0.0-rc.1",
  "lockfileVersion": 3,
  "requires": true,
  "packages": {
    "": {
      "name": "create-frappe-ui",
      "version": "1.0.0-rc.1",
      "license": "MIT",
      "dependencies": {
        "@clack/prompts": "^1.8.1"
      },
      "bin": {
        "create-frappe-ui": "index.js"
      },
      "engines": {
        "node": ">=20.19.0"
      }
    },
    "node_modules/@clack/core": {
      "version": "1.5.1",
      "resolved": "https://registry.npmjs.org/@clack/core/-/core-1.5.1.tgz",
      "integrity": "sha512-iHTrHA8MtVuLl2TfZySmcKv1qO2PoyC9Z7pfSDozEuV5vtY3/wcOPKJXlqJ5Oq2Cx5DDGQGAMVx6HZfRRoVEbQ==",
      "license": "MIT",
      "dependencies": {
        "fast-wrap-ansi": "^0.2.0",
        "sisteransi": "^1.0.5"
      },
      "engines": {
        "node": ">= 20.12.0"
      }
    },
    "node_modules/@clack/prompts": {
      "version": "1.8.1",
      "resolved": "https://registry.npmjs.org/@clack/prompts/-/prompts-1.8.1.tgz",
      "integrity": "sha512-dlT1m5e/0yUL0kRNcQn7yGLVThkgbB0Ga/1AmfDDC/8ik6AIiSf2QLQO2zPYvefsHP0aFgxO93cVLCCfDp7kzQ==",
      "license": "MIT",
      "dependencies": {
        "@clack/core": "1.5.1",
        "fast-string-width": "^3.0.2",
        "fast-wrap-ansi": "^0.2.0",
        "sisteransi": "^1.0.5"
      },
      "engines": {
        "node": ">= 20.12.0"
      }
    },
    "node_modules/fast-string-truncated-width": {
      "version": "3.0.3",
      "resolved": "https://registry.npmjs.org/fast-string-truncated-width/-/fast-string-truncated-width-3.0.3.tgz",
      "integrity": "sha512-0jjjIEL6+0jag3l2XWWizO64/aZVtpiGE3t0Zgqxv0DPuxiMjvB3M24fCyhZUO4KomJQPj3LTSUnDP3GpdwC0g==",
      "license": "MIT"
    },
    "node_modules/fast-string-width": {
      "version": "3.0.2",
      "resolved": "https://registry.npmjs.org/fast-string-width/-/fast-string-width-3.0.2.tgz",
      "integrity": "sha512-gX8LrtNEI5hq8DVUfRQMbr5lpaS4nMIWV+7XEbXk2b8kiQIizgnlr12B4dA3ZEx3308ze0O4Q1R+cHts8kyUJg==",
      "license": "MIT",
      "dependencies": {
        "fast-string-truncated-width": "^3.0.2"
      }
    },
    "node_modules/fast-wrap-ansi": {
      "version": "0.2.2",
      "resolved": "https://registry.npmjs.org/fast-wrap-ansi/-/fast-wrap-ansi-0.2.2.tgz",
      "integrity": "sha512-7F2Fl+TjRSenLqlU3UjSH0iyqopqoZIu7eZVpEirP2g1GtWa2G/ecEmBdgz31+Mxr+ELclgg6sokpSFIQiZ02Q==",
      "license": "MIT",
      "dependencies": {
        "fast-string-width": "^3.0.2"
      }
    },
    "node_modules/sisteransi": {
      "version": "1.0.5",
      "resolved": "https://registry.npmjs.org/sisteransi/-/sisteransi-1.0.5.tgz",
      "integrity": "sha512-bLGGlR1QxBcynn2d5YmDX4MGjlZvy2MRBDRNHLJ8VI6l6+9FUiyTFNJ0IveOSP0bcXgVDPRcfGqA0pjaqUpfVg==",
      "license": "MIT"
    }
  }
}
